
Microsoft Visual Studio Solution File, Format Version 12.00
# Visual Studio Version 16
VisualStudioVersion = 16.0.30517.126
MinimumVisualStudioVersion = 10.0.40219.1
Project("{FAE04EC0-301F-11D3-BF4B-00C04F79EFBC}") = "LAB-01", "LAB-01\LAB-01.csproj", "{4A8BC39E-705C-48E2-AEDA-558351C2431A}"
EndProject
Global
	GlobalSection(SolutionConfigurationPlatforms) = preSolution
		Debug|Any CPU = Debug|Any CPU
		Release|Any CPU = Release|Any CPU
	EndGlobalSection
	GlobalSection(ProjectConfigurationPlatforms) = postSolution
		{4A8BC39E-705C-48E2-AEDA-558351C2431A}.Debug|Any CPU.ActiveCfg = Debug|Any CPU
		{4A8BC39E-705C-48E2-AEDA-558351C2431A}.Debug|Any CPU.Build.0 = Debug|Any CPU
		{4A8BC39E-705C-48E2-AEDA-558351C2431A}.Release|Any CPU.ActiveCfg = Release|Any CPU
		{4A8BC39E-705C-48E2-AEDA-558351C2431A}.Release|Any CPU.Build.0 = Release|Any CPU
	EndGlobalSection
	GlobalSection(SolutionProperties) = preSolution
		HideSolutionNode = FALSE
	EndGlobalSection
	GlobalSection(ExtensibilityGlobals) = postSolution
		SolutionGuid = {141CA087-4BC7-4C51-A7F1-D31F4DD55145}
	EndGlobalSection
EndGlobal
